
Microsoft Visual Studio Solution File, Format Version 12.00
# Visual Studio Version 17
VisualStudioVersion = 17.0.31903.59
MinimumVisualStudioVersion = 10.0.40219.1
Project("{FAE04EC0-301F-11D3-BF4B-00C04F79EFBC}") = "StockAPI", "StockAPI\StockAPI.csproj", "{C81A9EB1-22E7-4153-BBCB-D08C2A3E93D4}"
EndProject
Project("{FAE04EC0-301F-11D3-BF4B-00C04F79EFBC}") = "StockAPI.DataAccess", "StockAPI.DataAccess\StockAPI.DataAccess.csproj", "{486D2B66-7E60-47C2-A240-0B4B5D9EF4CF}"
EndProject
Project("{FAE04EC0-301F-11D3-BF4B-00C04F79EFBC}") = "StockAPI.Models", "StockAPI.Models\StockAPI.Models.csproj", "{C1EEFD88-8AD9-4709-BB1D-D506CE38AF6E}"
EndProject
Project("{FAE04EC0-301F-11D3-BF4B-00C04F79EFBC}") = "StockAPI.BusinessLogic", "StockAPI.BusinessLogic\StockAPI.BusinessLogic.csproj", "{220FE33C-899A-4DAA-9F76-97BA37872BA0}"
EndProject
Global
	GlobalSection(SolutionConfigurationPlatforms) = preSolution
		Debug|Any CPU = Debug|Any CPU
		Release|Any CPU = Release|Any CPU
	EndGlobalSection
	GlobalSection(ProjectConfigurationPlatforms) = postSolution
		{C81A9EB1-22E7-4153-BBCB-D08C2A3E93D4}.Debug|Any CPU.ActiveCfg = Debug|Any CPU
		{C81A9EB1-22E7-4153-BBCB-D08C2A3E93D4}.Debug|Any CPU.Build.0 = Debug|Any CPU
		{C81A9EB1-22E7-4153-BBCB-D08C2A3E93D4}.Release|Any CPU.ActiveCfg = Release|Any CPU
		{C81A9EB1-22E7-4153-BBCB-D08C2A3E93D4}.Release|Any CPU.Build.0 = Release|Any CPU
		{486D2B66-7E60-47C2-A240-0B4B5D9EF4CF}.Debug|Any CPU.ActiveCfg = Debug|Any CPU
		{486D2B66-7E60-47C2-A240-0B4B5D9EF4CF}.Debug|Any CPU.Build.0 = Debug|Any CPU
		{486D2B66-7E60-47C2-A240-0B4B5D9EF4CF}.Release|Any CPU.ActiveCfg = Release|Any CPU
		{486D2B66-7E60-47C2-A240-0B4B5D9EF4CF}.Release|Any CPU.Build.0 = Release|Any CPU
		{C1EEFD88-8AD9-4709-BB1D-D506CE38AF6E}.Debug|Any CPU.ActiveCfg = Debug|Any CPU
		{C1EEFD88-8AD9-4709-BB1D-D506CE38AF6E}.Debug|Any CPU.Build.0 = Debug|Any CPU
		{C1EEFD88-8AD9-4709-BB1D-D506CE38AF6E}.Release|Any CPU.ActiveCfg = Release|Any CPU
		{C1EEFD88-8AD9-4709-BB1D-D506CE38AF6E}.Release|Any CPU.Build.0 = Release|Any CPU
		{220FE33C-899A-4DAA-9F76-97BA37872BA0}.Debug|Any CPU.ActiveCfg = Debug|Any CPU
		{220FE33C-899A-4DAA-9F76-97BA37872BA0}.Debug|Any CPU.Build.0 = Debug|Any CPU
		{220FE33C-899A-4DAA-9F76-97BA37872BA0}.Release|Any CPU.ActiveCfg = Release|Any CPU
		{220FE33C-899A-4DAA-9F76-97BA37872BA0}.Release|Any CPU.Build.0 = Release|Any CPU
	EndGlobalSection
	GlobalSection(SolutionProperties) = preSolution
		HideSolutionNode = FALSE
	EndGlobalSection
	GlobalSection(ExtensibilityGlobals) = postSolution
		SolutionGuid = {DC5C72F1-D380-4A60-8457-84121143BBD6}
	EndGlobalSection
EndGlobal
